
Microsoft Visual Studio Solution File, Format Version 12.00
# Visual Studio Version 16
VisualStudioVersion = 16.0.31515.178
MinimumVisualStudioVersion = 10.0.40219.1
Project("{FAE04EC0-301F-11D3-BF4B-00C04F79EFBC}") = "PlayerTextIO", "PlayerTextIO.csproj", "{1B2DA31B-8CED-400E-B12F-4B594686901B}"
EndProject
Global
	GlobalSection(SolutionConfigurationPlatforms) = preSolution
		Debug|Any CPU = Debug|Any CPU
		Release|Any CPU = Release|Any CPU
	EndGlobalSection
	GlobalSection(ProjectConfigurationPlatforms) = postSolution
		{1B2DA31B-8CED-400E-B12F-4B594686901B}.Debug|Any CPU.ActiveCfg = Debug|Any CPU
		{1B2DA31B-8CED-400E-B12F-4B594686901B}.Debug|Any CPU.Build.0 = Debug|Any CPU
		{1B2DA31B-8CED-400E-B12F-4B594686901B}.Release|Any CPU.ActiveCfg = Release|Any CPU
		{1B2DA31B-8CED-400E-B12F-4B594686901B}.Release|Any CPU.Build.0 = Release|Any CPU
	EndGlobalSection
	GlobalSection(SolutionProperties) = preSolution
		HideSolutionNode = FALSE
	EndGlobalSection
	GlobalSection(ExtensibilityGlobals) = postSolution
		SolutionGuid = {CCCC8A57-3A80-444D-BB8D-E20147E899E1}
	EndGlobalSection
EndGlobal
