
Microsoft Visual Studio Solution File, Format Version 12.00
# Visual Studio Version 16
VisualStudioVersion = 16.0.31515.178
MinimumVisualStudioVersion = 10.0.40219.1
Project("{FAE04EC0-301F-11D3-BF4B-00C04F79EFBC}") = "Button Drawer (Windows UI)", "Button Drawer (Windows UI)\Button Drawer (Windows UI).csproj", "{1379DE28-3101-4733-9197-CEA601636077}"
EndProject
Global
	GlobalSection(SolutionConfigurationPlatforms) = preSolution
		Debug|Any CPU = Debug|Any CPU
		Release|Any CPU = Release|Any CPU
	EndGlobalSection
	GlobalSection(ProjectConfigurationPlatforms) = postSolution
		{1379DE28-3101-4733-9197-CEA601636077}.Debug|Any CPU.ActiveCfg = Debug|Any CPU
		{1379DE28-3101-4733-9197-CEA601636077}.Debug|Any CPU.Build.0 = Debug|Any CPU
		{1379DE28-3101-4733-9197-CEA601636077}.Release|Any CPU.ActiveCfg = Release|Any CPU
		{1379DE28-3101-4733-9197-CEA601636077}.Release|Any CPU.Build.0 = Release|Any CPU
	EndGlobalSection
	GlobalSection(SolutionProperties) = preSolution
		HideSolutionNode = FALSE
	EndGlobalSection
	GlobalSection(ExtensibilityGlobals) = postSolution
		SolutionGuid = {CD3F3D7D-2AFA-44DB-B41B-6F12767D3B8B}
	EndGlobalSection
EndGlobal
