
Microsoft Visual Studio Solution File, Format Version 12.00
# Visual Studio Version 16
VisualStudioVersion = 16.0.31624.102
MinimumVisualStudioVersion = 10.0.40219.1
Project("{FAE04EC0-301F-11D3-BF4B-00C04F79EFBC}") = "Group PE Longest Duplicate", "Group PE Longest Duplicate\Group PE Longest Duplicate.csproj", "{6F7FE580-A358-464E-BEA3-19DDCB8C4557}"
EndProject
Global
	GlobalSection(SolutionConfigurationPlatforms) = preSolution
		Debug|Any CPU = Debug|Any CPU
		Release|Any CPU = Release|Any CPU
	EndGlobalSection
	GlobalSection(ProjectConfigurationPlatforms) = postSolution
		{6F7FE580-A358-464E-BEA3-19DDCB8C4557}.Debug|Any CPU.ActiveCfg = Debug|Any CPU
		{6F7FE580-A358-464E-BEA3-19DDCB8C4557}.Debug|Any CPU.Build.0 = Debug|Any CPU
		{6F7FE580-A358-464E-BEA3-19DDCB8C4557}.Release|Any CPU.ActiveCfg = Release|Any CPU
		{6F7FE580-A358-464E-BEA3-19DDCB8C4557}.Release|Any CPU.Build.0 = Release|Any CPU
	EndGlobalSection
	GlobalSection(SolutionProperties) = preSolution
		HideSolutionNode = FALSE
	EndGlobalSection
	GlobalSection(ExtensibilityGlobals) = postSolution
		SolutionGuid = {1ED90A78-A04D-4470-94FF-124A36F45EFA}
	EndGlobalSection
EndGlobal
