
Microsoft Visual Studio Solution File, Format Version 12.00
# Visual Studio Version 16
VisualStudioVersion = 16.0.31515.178
MinimumVisualStudioVersion = 10.0.40219.1
Project("{FAE04EC0-301F-11D3-BF4B-00C04F79EFBC}") = "Monogame Adv (Text and Input)", "Monogame Adv (Text and Input)\Monogame Adv (Text and Input).csproj", "{39249B54-2189-4D0C-8F0B-94279AD3DDAB}"
EndProject
Global
	GlobalSection(SolutionConfigurationPlatforms) = preSolution
		Debug|Any CPU = Debug|Any CPU
		Release|Any CPU = Release|Any CPU
	EndGlobalSection
	GlobalSection(ProjectConfigurationPlatforms) = postSolution
		{39249B54-2189-4D0C-8F0B-94279AD3DDAB}.Debug|Any CPU.ActiveCfg = Debug|Any CPU
		{39249B54-2189-4D0C-8F0B-94279AD3DDAB}.Debug|Any CPU.Build.0 = Debug|Any CPU
		{39249B54-2189-4D0C-8F0B-94279AD3DDAB}.Release|Any CPU.ActiveCfg = Release|Any CPU
		{39249B54-2189-4D0C-8F0B-94279AD3DDAB}.Release|Any CPU.Build.0 = Release|Any CPU
	EndGlobalSection
	GlobalSection(SolutionProperties) = preSolution
		HideSolutionNode = FALSE
	EndGlobalSection
	GlobalSection(ExtensibilityGlobals) = postSolution
		SolutionGuid = {6B4A02EB-D3B2-4ABC-AD01-69686F0A661F}
	EndGlobalSection
EndGlobal
