
Microsoft Visual Studio Solution File, Format Version 12.00
# Visual Studio Version 16
VisualStudioVersion = 16.0.31515.178
MinimumVisualStudioVersion = 10.0.40219.1
Project("{FAE04EC0-301F-11D3-BF4B-00C04F79EFBC}") = "Dictionaries", "Dictionaries.csproj", "{6A5B08E7-B7EA-4FC0-8EC1-8A6422676C7C}"
EndProject
Global
	GlobalSection(SolutionConfigurationPlatforms) = preSolution
		Debug|Any CPU = Debug|Any CPU
		Release|Any CPU = Release|Any CPU
	EndGlobalSection
	GlobalSection(ProjectConfigurationPlatforms) = postSolution
		{6A5B08E7-B7EA-4FC0-8EC1-8A6422676C7C}.Debug|Any CPU.ActiveCfg = Debug|Any CPU
		{6A5B08E7-B7EA-4FC0-8EC1-8A6422676C7C}.Debug|Any CPU.Build.0 = Debug|Any CPU
		{6A5B08E7-B7EA-4FC0-8EC1-8A6422676C7C}.Release|Any CPU.ActiveCfg = Release|Any CPU
		{6A5B08E7-B7EA-4FC0-8EC1-8A6422676C7C}.Release|Any CPU.Build.0 = Release|Any CPU
	EndGlobalSection
	GlobalSection(SolutionProperties) = preSolution
		HideSolutionNode = FALSE
	EndGlobalSection
	GlobalSection(ExtensibilityGlobals) = postSolution
		SolutionGuid = {2558C2D4-8B95-48FE-9801-B69F234FA5A8}
	EndGlobalSection
EndGlobal
