
Microsoft Visual Studio Solution File, Format Version 12.00
# Visual Studio Version 16
VisualStudioVersion = 16.0.31515.178
MinimumVisualStudioVersion = 10.0.40219.1
Project("{FAE04EC0-301F-11D3-BF4B-00C04F79EFBC}") = "House Tour Adv (Graph Searching)", "House Tour Adv (Graph Searching)\House Tour Adv (Graph Searching).csproj", "{1AC8FCF6-7F40-46D3-8489-6D8BE4AF16AA}"
EndProject
Global
	GlobalSection(SolutionConfigurationPlatforms) = preSolution
		Debug|Any CPU = Debug|Any CPU
		Release|Any CPU = Release|Any CPU
	EndGlobalSection
	GlobalSection(ProjectConfigurationPlatforms) = postSolution
		{1AC8FCF6-7F40-46D3-8489-6D8BE4AF16AA}.Debug|Any CPU.ActiveCfg = Debug|Any CPU
		{1AC8FCF6-7F40-46D3-8489-6D8BE4AF16AA}.Debug|Any CPU.Build.0 = Debug|Any CPU
		{1AC8FCF6-7F40-46D3-8489-6D8BE4AF16AA}.Release|Any CPU.ActiveCfg = Release|Any CPU
		{1AC8FCF6-7F40-46D3-8489-6D8BE4AF16AA}.Release|Any CPU.Build.0 = Release|Any CPU
	EndGlobalSection
	GlobalSection(SolutionProperties) = preSolution
		HideSolutionNode = FALSE
	EndGlobalSection
	GlobalSection(ExtensibilityGlobals) = postSolution
		SolutionGuid = {A2F770C0-8D77-47EB-A86E-0DD8F372D9AA}
	EndGlobalSection
EndGlobal
