
Microsoft Visual Studio Solution File, Format Version 12.00
# Visual Studio Version 16
VisualStudioVersion = 16.0.31624.102
MinimumVisualStudioVersion = 10.0.40219.1
Project("{FAE04EC0-301F-11D3-BF4B-00C04F79EFBC}") = "MonoGame Game", "MonoGame Game\MonoGame Game.csproj", "{96DF4306-114B-403C-95B2-B9270B3F0A17}"
EndProject
Global
	GlobalSection(SolutionConfigurationPlatforms) = preSolution
		Debug|Any CPU = Debug|Any CPU
		Release|Any CPU = Release|Any CPU
	EndGlobalSection
	GlobalSection(ProjectConfigurationPlatforms) = postSolution
		{96DF4306-114B-403C-95B2-B9270B3F0A17}.Debug|Any CPU.ActiveCfg = Debug|Any CPU
		{96DF4306-114B-403C-95B2-B9270B3F0A17}.Debug|Any CPU.Build.0 = Debug|Any CPU
		{96DF4306-114B-403C-95B2-B9270B3F0A17}.Release|Any CPU.ActiveCfg = Release|Any CPU
		{96DF4306-114B-403C-95B2-B9270B3F0A17}.Release|Any CPU.Build.0 = Release|Any CPU
	EndGlobalSection
	GlobalSection(SolutionProperties) = preSolution
		HideSolutionNode = FALSE
	EndGlobalSection
	GlobalSection(ExtensibilityGlobals) = postSolution
		SolutionGuid = {B06DE7A5-D9BE-40E6-A1E5-F81E07822C24}
	EndGlobalSection
EndGlobal
