
Microsoft Visual Studio Solution File, Format Version 12.00
# Visual Studio Version 16
VisualStudioVersion = 16.0.31613.86
MinimumVisualStudioVersion = 10.0.40219.1
Project("{FAE04EC0-301F-11D3-BF4B-00C04F79EFBC}") = "GravityAndCollisionPE", "GravityAndCollisionPE.csproj", "{D2D9815D-36CD-4D35-8399-DA5CDC491624}"
EndProject
Global
	GlobalSection(SolutionConfigurationPlatforms) = preSolution
		Debug|Any CPU = Debug|Any CPU
		Release|Any CPU = Release|Any CPU
	EndGlobalSection
	GlobalSection(ProjectConfigurationPlatforms) = postSolution
		{D2D9815D-36CD-4D35-8399-DA5CDC491624}.Debug|Any CPU.ActiveCfg = Debug|Any CPU
		{D2D9815D-36CD-4D35-8399-DA5CDC491624}.Debug|Any CPU.Build.0 = Debug|Any CPU
		{D2D9815D-36CD-4D35-8399-DA5CDC491624}.Release|Any CPU.ActiveCfg = Release|Any CPU
		{D2D9815D-36CD-4D35-8399-DA5CDC491624}.Release|Any CPU.Build.0 = Release|Any CPU
	EndGlobalSection
	GlobalSection(SolutionProperties) = preSolution
		HideSolutionNode = FALSE
	EndGlobalSection
	GlobalSection(ExtensibilityGlobals) = postSolution
		SolutionGuid = {A23DDBC1-B610-4FDF-83CE-69D05CE9EF51}
	EndGlobalSection
EndGlobal
