
Microsoft Visual Studio Solution File, Format Version 12.00
# Visual Studio Version 16
VisualStudioVersion = 16.0.31613.86
MinimumVisualStudioVersion = 10.0.40219.1
Project("{FAE04EC0-301F-11D3-BF4B-00C04F79EFBC}") = "ProblemSolvingExercises", "ProblemSolvingExercises.csproj", "{19A0D59E-C84A-4D43-B9D2-497FC5F380FB}"
EndProject
Global
	GlobalSection(SolutionConfigurationPlatforms) = preSolution
		Debug|Any CPU = Debug|Any CPU
		Release|Any CPU = Release|Any CPU
	EndGlobalSection
	GlobalSection(ProjectConfigurationPlatforms) = postSolution
		{19A0D59E-C84A-4D43-B9D2-497FC5F380FB}.Debug|Any CPU.ActiveCfg = Debug|Any CPU
		{19A0D59E-C84A-4D43-B9D2-497FC5F380FB}.Debug|Any CPU.Build.0 = Debug|Any CPU
		{19A0D59E-C84A-4D43-B9D2-497FC5F380FB}.Release|Any CPU.ActiveCfg = Release|Any CPU
		{19A0D59E-C84A-4D43-B9D2-497FC5F380FB}.Release|Any CPU.Build.0 = Release|Any CPU
	EndGlobalSection
	GlobalSection(SolutionProperties) = preSolution
		HideSolutionNode = FALSE
	EndGlobalSection
	GlobalSection(ExtensibilityGlobals) = postSolution
		SolutionGuid = {F75CC14B-BF68-4C4B-A22B-86A15A37DA84}
	EndGlobalSection
EndGlobal
