
Microsoft Visual Studio Solution File, Format Version 12.00
# Visual Studio Version 16
VisualStudioVersion = 16.0.31515.178
MinimumVisualStudioVersion = 10.0.40219.1
Project("{FAE04EC0-301F-11D3-BF4B-00C04F79EFBC}") = "MonoGame Sample", "MonoGame Sample\MonoGame Sample.csproj", "{664314EF-CBB6-4917-A89F-9CD721E1C6A2}"
EndProject
Global
	GlobalSection(SolutionConfigurationPlatforms) = preSolution
		Debug|Any CPU = Debug|Any CPU
		Release|Any CPU = Release|Any CPU
	EndGlobalSection
	GlobalSection(ProjectConfigurationPlatforms) = postSolution
		{664314EF-CBB6-4917-A89F-9CD721E1C6A2}.Debug|Any CPU.ActiveCfg = Debug|Any CPU
		{664314EF-CBB6-4917-A89F-9CD721E1C6A2}.Debug|Any CPU.Build.0 = Debug|Any CPU
		{664314EF-CBB6-4917-A89F-9CD721E1C6A2}.Release|Any CPU.ActiveCfg = Release|Any CPU
		{664314EF-CBB6-4917-A89F-9CD721E1C6A2}.Release|Any CPU.Build.0 = Release|Any CPU
	EndGlobalSection
	GlobalSection(SolutionProperties) = preSolution
		HideSolutionNode = FALSE
	EndGlobalSection
	GlobalSection(ExtensibilityGlobals) = postSolution
		SolutionGuid = {B2935092-B044-453B-86A9-BEAC0005D657}
	EndGlobalSection
EndGlobal
